
Microsoft Visual Studio Solution File, Format Version 12.00
# Visual Studio Version 17
VisualStudioVersion = 17.0.31903.59
MinimumVisualStudioVersion = 10.0.40219.1
Project("{FAE04EC0-301F-11D3-BF4B-00C04F79EFBC}") = "EventHorizon.API", "EventHorizon.API\EventHorizon.API.csproj", "{FF5D063D-9E4F-465E-A16C-373734724F61}"
EndProject
Project("{FAE04EC0-301F-11D3-BF4B-00C04F79EFBC}") = "EventHorizon.Web", "EventHorizon.Web\EventHorizon.Web.csproj", "{628F7A0B-A8EE-40B4-9F30-637166D8DED6}"
EndProject
Global
	GlobalSection(SolutionConfigurationPlatforms) = preSolution
		Debug|Any CPU = Debug|Any CPU
		Release|Any CPU = Release|Any CPU
	EndGlobalSection
	GlobalSection(ProjectConfigurationPlatforms) = postSolution
		{FF5D063D-9E4F-465E-A16C-373734724F61}.Debug|Any CPU.ActiveCfg = Debug|Any CPU
		{FF5D063D-9E4F-465E-A16C-373734724F61}.Debug|Any CPU.Build.0 = Debug|Any CPU
		{FF5D063D-9E4F-465E-A16C-373734724F61}.Release|Any CPU.ActiveCfg = Release|Any CPU
		{FF5D063D-9E4F-465E-A16C-373734724F61}.Release|Any CPU.Build.0 = Release|Any CPU
		{628F7A0B-A8EE-40B4-9F30-637166D8DED6}.Debug|Any CPU.ActiveCfg = Debug|Any CPU
		{628F7A0B-A8EE-40B4-9F30-637166D8DED6}.Debug|Any CPU.Build.0 = Debug|Any CPU
		{628F7A0B-A8EE-40B4-9F30-637166D8DED6}.Release|Any CPU.ActiveCfg = Release|Any CPU
		{628F7A0B-A8EE-40B4-9F30-637166D8DED6}.Release|Any CPU.Build.0 = Release|Any CPU
	EndGlobalSection
	GlobalSection(SolutionProperties) = preSolution
		HideSolutionNode = FALSE
	EndGlobalSection
	GlobalSection(ExtensibilityGlobals) = postSolution
		SolutionGuid = {8016F018-E8D0-4DC2-9081-5B511BD7E934}
	EndGlobalSection
EndGlobal
